<Solution>
  <Project Path="../JobBoard.Api/JobBoard.Api.csproj" Id="8652d145-042d-419c-8bb9-325f4fc37fee" />
  <Project Path="../JobBoard.Application/JobBoard.Application.csproj" Id="f5b151d7-63b2-4d6d-bf43-25d207893636" />
  <Project Path="../JobBoard.Domain/JobBoard.Domain.csproj" Id="3f76aa14-39da-4e85-af1c-e09230e7e4f6" />
  <Project Path="../JobBoard.Infrastructure/JobBoard.Infrastructure.csproj" Id="c3cf1ef6-7ae4-495f-ad2a-4d56ccee28f6" />
</Solution>
